<?xml version="1.0" encoding="utf-8"?>
<Project xmlns="http://schemas.microsoft.com/developer/msbuild/2003">
  <PropertyGroup>
    <ProjectGuid>{f6aec1d6-3947-41f7-b32d-e46a87972855}</ProjectGuid>
    <MainSource>NexRegServ.dpr</MainSource>
    <Configuration Condition=" '$(Configuration)' == '' ">Debug</Configuration>
    <Platform Condition=" '$(Platform)' == '' ">AnyCPU</Platform>
    <DCC_DCCCompiler>DCC32</DCC_DCCCompiler>
    <DCC_DependencyCheckOutputName>C:\Meus Programas\NexReg\NexRegServ.exe</DCC_DependencyCheckOutputName>
  </PropertyGroup>
  <PropertyGroup Condition=" '$(Configuration)|$(Platform)' == 'Release|AnyCPU' ">
    <Version>7.0</Version>
    <DCC_DebugInformation>False</DCC_DebugInformation>
    <DCC_LocalDebugSymbols>False</DCC_LocalDebugSymbols>
    <DCC_SymbolReferenceInfo>0</DCC_SymbolReferenceInfo>
    <DCC_ExeOutput>C:\Meus Programas\NexReg</DCC_ExeOutput>
    <DCC_DcuOutput>\projetodcu\d2006</DCC_DcuOutput>
    <DCC_ObjOutput>\projetodcu\d2006</DCC_ObjOutput>
    <DCC_HppOutput>\projetodcu\d2006</DCC_HppOutput>
    <DCC_Define>RELEASE</DCC_Define>
  </PropertyGroup>
  <PropertyGroup Condition=" '$(Configuration)|$(Platform)' == 'Debug|AnyCPU' ">
    <Version>7.0</Version>
    <DCC_ExeOutput>C:\Meus Programas\NexReg</DCC_ExeOutput>
    <DCC_DcuOutput>\projetodcu\d2006</DCC_DcuOutput>
    <DCC_ObjOutput>\projetodcu\d2006</DCC_ObjOutput>
    <DCC_HppOutput>\projetodcu\d2006</DCC_HppOutput>
    <DCC_Define>DEBUG</DCC_Define>
  </PropertyGroup>
  <ProjectExtensions>
    <Borland.Personality>Delphi.Personality</Borland.Personality>
    <Borland.ProjectType>VCLApplication</Borland.ProjectType>
    <BorlandProject>
<BorlandProject><Delphi.Personality><Parameters><Parameters Name="UseLauncher">False</Parameters><Parameters Name="LoadAllSymbols">True</Parameters><Parameters Name="LoadUnspecifiedSymbols">False</Parameters></Parameters><Language><Language Name="RootDir">C:\Arquivos de programas\Borland\Delphi7\Bin\</Language></Language><VersionInfo><VersionInfo Name="IncludeVerInfo">False</VersionInfo><VersionInfo Name="AutoIncBuild">False</VersionInfo><VersionInfo Name="MajorVer">1</VersionInfo><VersionInfo Name="MinorVer">0</VersionInfo><VersionInfo Name="Release">0</VersionInfo><VersionInfo Name="Build">0</VersionInfo><VersionInfo Name="Debug">False</VersionInfo><VersionInfo Name="PreRelease">False</VersionInfo><VersionInfo Name="Special">False</VersionInfo><VersionInfo Name="Private">False</VersionInfo><VersionInfo Name="DLL">False</VersionInfo><VersionInfo Name="Locale">1046</VersionInfo><VersionInfo Name="CodePage">1252</VersionInfo></VersionInfo><VersionInfoKeys><VersionInfoKeys Name="CompanyName"></VersionInfoKeys><VersionInfoKeys Name="FileDescription"></VersionInfoKeys><VersionInfoKeys Name="FileVersion">1.0.0.0</VersionInfoKeys><VersionInfoKeys Name="InternalName"></VersionInfoKeys><VersionInfoKeys Name="LegalCopyright"></VersionInfoKeys><VersionInfoKeys Name="LegalTrademarks"></VersionInfoKeys><VersionInfoKeys Name="OriginalFilename"></VersionInfoKeys><VersionInfoKeys Name="ProductName"></VersionInfoKeys><VersionInfoKeys Name="ProductVersion">1.0.0.0</VersionInfoKeys><VersionInfoKeys Name="Comments"></VersionInfoKeys></VersionInfoKeys><Source><Source Name="MainSource">NexRegServ.dpr</Source></Source></Delphi.Personality></BorlandProject></BorlandProject>
  </ProjectExtensions>
  <Import Project="$(MSBuildBinPath)\Borland.Delphi.Targets" />
  <ItemGroup>
    <DelphiCompile Include="NexRegServ.dpr">
      <MainSource>MainSource</MainSource>
    </DelphiCompile>
    <DCCReference Include="..\CAD\comp\cadNxFields.pas" />
    <DCCReference Include="..\Utils\uObjPool.pas" />
    <DCCReference Include="C:\comp\kbmMW25\Source\kbmMWZipStdTransStream.pas" />
    <DCCReference Include="md5.pas" />
    <DCCReference Include="nrAutorizacao.pas" />
    <DCCReference Include="nrTablesDef.pas" />
    <DCCReference Include="uDMContas.pas">
      <Form>dmContas</Form>
      <DesignClass>TDataModule</DesignClass>
    </DCCReference>
    <DCCReference Include="uLicenca.pas" />
    <DCCReference Include="uLicEXECryptor.pas" />
    <DCCReference Include="uLinkBol.pas" />
    <DCCReference Include="uMWChatConst.pas" />
    <DCCReference Include="uRSAss.pas" />
    <DCCReference Include="ursCHAT100.pas">
      <Form>qsCHAT100</Form>
      <DesignClass>TkbmMWQueryService</DesignClass>
    </DCCReference>
    <DCCReference Include="uRSDM.pas">
      <Form>DM</Form>
      <DesignClass>TDataModule</DesignClass>
    </DCCReference>
    <DCCReference Include="uRSdmEmail.pas">
      <Form>dmEmail</Form>
      <DesignClass>TDataModule</DesignClass>
    </DCCReference>
    <DCCReference Include="uRSDMGerenteChave.pas">
      <Form>dmGerente</Form>
      <DesignClass>TDataModule</DesignClass>
    </DCCReference>
    <DCCReference Include="ursDMOpen.pas">
      <Form>dmOpen</Form>
      <DesignClass>TDataModule</DesignClass>
    </DCCReference>
    <DCCReference Include="uRSFrmPri.pas">
      <Form>FrmPri</Form>
    </DCCReference>
    <DCCReference Include="uRSGerenteChave.pas" />
    <DCCReference Include="uRSLogInfo.pas" />
    <DCCReference Include="uRSQSAdmin100.pas">
      <Form>qsAdmin100</Form>
      <DesignClass>TkbmMWQueryService</DesignClass>
    </DCCReference>
    <DCCReference Include="uRSQSRegistro100.pas">
      <Form>qsRegistro100</Form>
      <DesignClass>TkbmMWQueryService</DesignClass>
    </DCCReference>
    <DCCReference Include="uRSQSRegistro200.pas">
      <Form>qsRegistro200</Form>
      <DesignClass>TkbmMWQueryService</DesignClass>
    </DCCReference>
    <DCCReference Include="uRSQSRegistro300.pas">
      <Form>qsRegistro300</Form>
      <DesignClass>TkbmMWQueryService</DesignClass>
    </DCCReference>
    <DCCReference Include="uRSServBD.pas">
      <Form>dmServidorBD</Form>
      <DesignClass>TDataModule</DesignClass>
    </DCCReference>
  </ItemGroup>
</Project>