<?xml version="1.0" encoding="utf-8"?>
<Project xmlns="http://schemas.microsoft.com/developer/msbuild/2003">
  <PropertyGroup>
    <ProjectGuid>{60f4cba6-a175-4027-a3b8-76b6449e5b9f}</ProjectGuid>
    <MainSource>DiaTec.dpr</MainSource>
    <Configuration Condition=" '$(Configuration)' == '' ">Debug</Configuration>
    <Platform Condition=" '$(Platform)' == '' ">AnyCPU</Platform>
    <DCC_DCCCompiler>DCC32</DCC_DCCCompiler>
    <DCC_DependencyCheckOutputName>C:\Meus Programas\DiaTec\30\Cliente\DiaTec.exe</DCC_DependencyCheckOutputName>
  </PropertyGroup>
  <PropertyGroup Condition=" '$(Configuration)|$(Platform)' == 'Release|AnyCPU' ">
    <Version>7.0</Version>
    <DCC_AssertionsAtRuntime>False</DCC_AssertionsAtRuntime>
    <DCC_DebugInformation>False</DCC_DebugInformation>
    <DCC_WriteableConstants>True</DCC_WriteableConstants>
    <DCC_LocalDebugSymbols>False</DCC_LocalDebugSymbols>
    <DCC_SymbolReferenceInfo>0</DCC_SymbolReferenceInfo>
    <DCC_ExeOutput>\Meus Programas\DiaTec\30\Cliente</DCC_ExeOutput>
    <DCC_DcuOutput>\projetodcu\d2006</DCC_DcuOutput>
    <DCC_ObjOutput>\projetodcu\d2006</DCC_ObjOutput>
    <DCC_HppOutput>\projetodcu\d2006</DCC_HppOutput>
    <DCC_Define>RELEASE</DCC_Define>
    <DCC_UNSAFE_TYPE>True</DCC_UNSAFE_TYPE>
    <DCC_UNSAFE_CODE>True</DCC_UNSAFE_CODE>
    <DCC_UNSAFE_CAST>True</DCC_UNSAFE_CAST>
  </PropertyGroup>
  <PropertyGroup Condition=" '$(Configuration)|$(Platform)' == 'Debug|AnyCPU' ">
    <Version>7.0</Version>
    <DCC_AssertionsAtRuntime>False</DCC_AssertionsAtRuntime>
    <DCC_WriteableConstants>True</DCC_WriteableConstants>
    <DCC_SymbolReferenceInfo>2</DCC_SymbolReferenceInfo>
    <DCC_ExeOutput>C:\Meus Programas\DiaTec\30\Cliente</DCC_ExeOutput>
    <DCC_DcuOutput>C:\ProjetoDCU\D2007nx1</DCC_DcuOutput>
    <DCC_ObjOutput>C:\ProjetoDCU\D2007nx1</DCC_ObjOutput>
    <DCC_HppOutput>C:\ProjetoDCU\D2007nx1</DCC_HppOutput>
    <DCC_Define>DEBUG</DCC_Define>
    <DCC_UNSAFE_TYPE>True</DCC_UNSAFE_TYPE>
    <DCC_UNSAFE_CODE>True</DCC_UNSAFE_CODE>
    <DCC_UNSAFE_CAST>True</DCC_UNSAFE_CAST>
  </PropertyGroup>
  <ProjectExtensions>
    <Borland.Personality>Delphi.Personality</Borland.Personality>
    <Borland.ProjectType>VCLApplication</Borland.ProjectType>
    <BorlandProject>
<BorlandProject><Delphi.Personality><Parameters><Parameters Name="UseLauncher">False</Parameters><Parameters Name="LoadAllSymbols">True</Parameters><Parameters Name="LoadUnspecifiedSymbols">False</Parameters></Parameters><Language><Language Name="ProjectLang">$00000416</Language></Language><VersionInfo><VersionInfo Name="IncludeVerInfo">True</VersionInfo><VersionInfo Name="AutoIncBuild">False</VersionInfo><VersionInfo Name="MajorVer">3</VersionInfo><VersionInfo Name="MinorVer">3</VersionInfo><VersionInfo Name="Release">0</VersionInfo><VersionInfo Name="Build">1</VersionInfo><VersionInfo Name="Debug">False</VersionInfo><VersionInfo Name="PreRelease">False</VersionInfo><VersionInfo Name="Special">False</VersionInfo><VersionInfo Name="Private">False</VersionInfo><VersionInfo Name="DLL">False</VersionInfo><VersionInfo Name="Locale">1046</VersionInfo><VersionInfo Name="CodePage">1252</VersionInfo></VersionInfo><VersionInfoKeys><VersionInfoKeys Name="CompanyName">Nextar Simple Softwares</VersionInfoKeys><VersionInfoKeys Name="FileDescription"></VersionInfoKeys><VersionInfoKeys Name="FileVersion">3.3.0.1</VersionInfoKeys><VersionInfoKeys Name="InternalName"></VersionInfoKeys><VersionInfoKeys Name="LegalCopyright"></VersionInfoKeys><VersionInfoKeys Name="LegalTrademarks"></VersionInfoKeys><VersionInfoKeys Name="OriginalFilename"></VersionInfoKeys><VersionInfoKeys Name="ProductName">Diatec</VersionInfoKeys><VersionInfoKeys Name="ProductVersion">3.3</VersionInfoKeys><VersionInfoKeys Name="Comments"></VersionInfoKeys></VersionInfoKeys><Source><Source Name="MainSource">DiaTec.dpr</Source></Source></Delphi.Personality></BorlandProject></BorlandProject>
  </ProjectExtensions>
  <Import Project="$(MSBuildBinPath)\Borland.Delphi.Targets" />
  <ItemGroup>
    <DelphiCompile Include="DiaTec.dpr">
      <MainSource>MainSource</MainSource>
    </DelphiCompile>
    <DCCReference Include="....\Utils\uVersion.pas" />
    <DCCReference Include="....\Utils\uVersionInfo.pas" />
    <DCCReference Include="...\Utils\uVersion.pas" />
    <DCCReference Include="...\Utils\uVersionInfo.pas" />
    <DCCReference Include="..\Utils\uVersion.pas" />
    <DCCReference Include="..\Utils\uVersionInfo.pas" />
    <DCCReference Include="C:\Utils\uVersion.pas" />
    <DCCReference Include="C:\Utils\uVersionInfo.pas" />
    <DCCReference Include="uChecaTabelas.pas">
      <Form>FrmChecaBD</Form>
    </DCCReference>
    <DCCReference Include="uDTDM.pas">
      <Form>DM</Form>
      <DesignClass>TDataModule</DesignClass>
    </DCCReference>
    <DCCReference Include="uDTDMSync.pas">
      <Form>DMSync</Form>
      <DesignClass>TDataModule</DesignClass>
    </DCCReference>
    <DCCReference Include="uDTFmtTabs.pas" />
    <DCCReference Include="uDTFrmAponta.pas">
      <Form>FrmAponta</Form>
    </DCCReference>
    <DCCReference Include="uDTFrmCGP.pas">
      <Form>FrmCGP</Form>
    </DCCReference>
    <DCCReference Include="uDTFrmCorrigirOS.pas">
      <Form>FrmCorrigirOS</Form>
    </DCCReference>
    <DCCReference Include="uDTFrmDown.pas">
      <Form>FrmDown</Form>
    </DCCReference>
    <DCCReference Include="uDTFrmExcluiOSServ.pas">
      <Form>FrmExcluiOSServ</Form>
    </DCCReference>
    <DCCReference Include="uDTFrmFase.pas">
      <Form>FrmFase</Form>
    </DCCReference>
    <DCCReference Include="uDTFrmItemRA.pas">
      <Form>FrmItemRA</Form>
    </DCCReference>
    <DCCReference Include="uDTFrmOS.pas">
      <Form>FrmOS</Form>
    </DCCReference>
    <DCCReference Include="uDTFrmPri.pas">
      <Form>FrmPri</Form>
    </DCCReference>
    <DCCReference Include="uDTFrmRA.pas">
      <Form>FrmRA</Form>
    </DCCReference>
    <DCCReference Include="uDTFrmUp.pas">
      <Form>FrmUp</Form>
    </DCCReference>
    <DCCReference Include="uDTGrDsk.pas">
      <Form>FrmGrDsk</Form>
    </DCCReference>
    <DCCReference Include="uDTRels.pas">
      <Form>dmRels</Form>
      <DesignClass>TDataModule</DesignClass>
    </DCCReference>
    <DCCReference Include="uDTSyncDef.pas" />
    <DCCReference Include="uFrmLogin.pas">
      <Form>FrmLogin</Form>
    </DCCReference>
    <DCCReference Include="uFrmRepView.pas">
      <Form>FrmRepView</Form>
    </DCCReference>
    <DCCReference Include="uNovaFase.pas">
      <Form>FrmNovaFase</Form>
    </DCCReference>
  </ItemGroup>
</Project>